// !$*UTF8*$!
{
	archiveVersion = 1;
	classes = {
	};
	objectVersion = 46;
	objects = {

/* Begin PBXBuildFile section */
		3923D757A0A4204A4B0F63A2 /* UIKit.framework in Frameworks */ = {isa = PBXBuildFile; fileRef = 3923D757A0A4204A4B0F63A1 /* UIKit.framework */; };
		3923D757A0A4204A4B0F63A4 /* Foundation.framework in Frameworks */ = {isa = PBXBuildFile; fileRef = 3923D757A0A4204A4B0F63A3 /* Foundation.framework */; };
		3923D757A0A4204A4B0F63A6 /* CoreGraphics.framework in Frameworks */ = {isa = PBXBuildFile; fileRef = 3923D757A0A4204A4B0F63A5 /* CoreGraphics.framework */; };
		3923D757A0A4204A4B0F63AC /* InfoPlist.strings in Resources */ = {isa = PBXBuildFile; fileRef = 3923D757A0A4204A4B0F63AB /* InfoPlist.strings */; };
		3923D757A0A4204A4B0F63AE /* main.m in Sources */ = {isa = PBXBuildFile; fileRef = 3923D757A0A4204A4B0F63AD /* main.m */; };
		3923D757A0A4204A4B0F63B2 /* ICAppDelegate.m in Sources */ = {isa = PBXBuildFile; fileRef = 3923D757A0A4204A4B0F63B1 /* ICAppDelegate.m */; };
		3923D757A0A4204A4B0F63B5 /* MainStoryboard_iPhone.storyboard in Resources */ = {isa = PBXBuildFile; fileRef = 3923D757A0A4204A4B0F63B4 /* MainStoryboard_iPhone.storyboard */; };
		3923D757A0A4204A4B0F63B8 /* MainStoryboard_iPad.storyboard in Resources */ = {isa = PBXBuildFile; fileRef = 3923D757A0A4204A4B0F63B7 /* MainStoryboard_iPad.storyboard */; };
		3923D757A0A4204A4B0F63BB /* ICSignalTableViewController.m in Sources */ = {isa = PBXBuildFile; fileRef = 3923D757A0A4204A4B0F63BA /* ICSignalTableViewController.m */; };
		3923D757A0A4204A4B0F63C6 /* SenTestingKit.framework in Frameworks */ = {isa = PBXBuildFile; fileRef = 3923D757A0A4204A4B0F63C5 /* SenTestingKit.framework */; };
		3923D757A0A4204A4B0F63C7 /* UIKit.framework in Frameworks */ = {isa = PBXBuildFile; fileRef = 3923D757A0A4204A4B0F63A1 /* UIKit.framework */; };
		3923D757A0A4204A4B0F63C8 /* Foundation.framework in Frameworks */ = {isa = PBXBuildFile; fileRef = 3923D757A0A4204A4B0F63A3 /* Foundation.framework */; };
		3923D757A0A4204A4B0F63D0 /* InfoPlist.strings in Resources */ = {isa = PBXBuildFile; fileRef = 3923D757A0A4204A4B0F63CF /* InfoPlist.strings */; };
		3923D757A0A4204A4B0F63D7 /* README in Resources */ = {isa = PBXBuildFile; fileRef = 3923D757A0A4204A4B0F63D6 /* README */; };
		3F8FD11C5EB84DD8AAF75123 /* libPods.a in Frameworks */ = {isa = PBXBuildFile; fileRef = 4F5E7D0F842D407FA97B13E8 /* libPods.a */; };
		56208AD7154A895400239D15 /* CFNetwork.framework in Frameworks */ = {isa = PBXBuildFile; fileRef = 56208AC5154A87D900239D15 /* CFNetwork.framework */; };
		56208AD8154A896100239D15 /* MobileCoreServices.framework in Frameworks */ = {isa = PBXBuildFile; fileRef = 56208AC7154A87E700239D15 /* MobileCoreServices.framework */; };
		56208AD9154A896700239D15 /* Security.framework in Frameworks */ = {isa = PBXBuildFile; fileRef = 56208AC9154A87F000239D15 /* Security.framework */; };
		56208ADA154A896F00239D15 /* SystemConfiguration.framework in Frameworks */ = {isa = PBXBuildFile; fileRef = 56208ACB154A87FB00239D15 /* SystemConfiguration.framework */; };
		56208ADB154A897700239D15 /* QuartzCore.framework in Frameworks */ = {isa = PBXBuildFile; fileRef = 56208ACD154A880600239D15 /* QuartzCore.framework */; };
		56208ADC154A897D00239D15 /* libxml2.dylib in Frameworks */ = {isa = PBXBuildFile; fileRef = 56208ACF154A881200239D15 /* libxml2.dylib */; };
		5622682715F66FEC00062D4C /* connections.png in Resources */ = {isa = PBXBuildFile; fileRef = 5622682515F66FEC00062D4C /* connections.png */; };
		5622682815F66FEC00062D4C /* connections@2x.png in Resources */ = {isa = PBXBuildFile; fileRef = 5622682615F66FEC00062D4C /* connections@2x.png */; };
		5622682B15F674AD00062D4C /* ICGroup.m in Sources */ = {isa = PBXBuildFile; fileRef = 5622682A15F674AC00062D4C /* ICGroup.m */; };
		5622683015F6754300062D4C /* ICPerson.m in Sources */ = {isa = PBXBuildFile; fileRef = 5622682D15F6754300062D4C /* ICPerson.m */; };
		5622683115F6754300062D4C /* ICUser.m in Sources */ = {isa = PBXBuildFile; fileRef = 5622682F15F6754300062D4C /* ICUser.m */; };
		56400E1F15C84FEC007F2D81 /* speaker.png in Resources */ = {isa = PBXBuildFile; fileRef = 56400E1D15C84FEC007F2D81 /* speaker.png */; };
		56400E2215C850C2007F2D81 /* speaker@2x.png in Resources */ = {isa = PBXBuildFile; fileRef = 56400E2115C850C2007F2D81 /* speaker@2x.png */; };
		56400E2515C850F4007F2D81 /* man.png in Resources */ = {isa = PBXBuildFile; fileRef = 56400E2315C850F4007F2D81 /* man.png */; };
		56400E2615C850F4007F2D81 /* man@2x.png in Resources */ = {isa = PBXBuildFile; fileRef = 56400E2415C850F4007F2D81 /* man@2x.png */; };
		564A88B0156FC87400029B8C /* ICSignalDetailViewController.m in Sources */ = {isa = PBXBuildFile; fileRef = 564A88AF156FC87400029B8C /* ICSignalDetailViewController.m */; };
		5673242415F16E65006C8BBB /* appicon@2x.png in Resources */ = {isa = PBXBuildFile; fileRef = 5673242315F16E65006C8BBB /* appicon@2x.png */; };
		5673242615F16E9B006C8BBB /* appicon.png in Resources */ = {isa = PBXBuildFile; fileRef = 5673242515F16E9B006C8BBB /* appicon.png */; };
		5678616815F14D87009E3664 /* speechbaloon.png in Resources */ = {isa = PBXBuildFile; fileRef = 5678616615F14D87009E3664 /* speechbaloon.png */; };
		5678616915F14D87009E3664 /* speechbaloon@2x.png in Resources */ = {isa = PBXBuildFile; fileRef = 5678616715F14D87009E3664 /* speechbaloon@2x.png */; };
		5678616C15F15059009E3664 /* transarrow.png in Resources */ = {isa = PBXBuildFile; fileRef = 5678616A15F15059009E3664 /* transarrow.png */; };
		5678616D15F15059009E3664 /* transarrow@2x.png in Resources */ = {isa = PBXBuildFile; fileRef = 5678616B15F15059009E3664 /* transarrow@2x.png */; };
		567F82F9165940C5006DCA1C /* libPods.a in Frameworks */ = {isa = PBXBuildFile; fileRef = 567F82F8165940C5006DCA1C /* libPods.a */; };
		568148B01581286D001DBE1C /* ICSignalCell.m in Sources */ = {isa = PBXBuildFile; fileRef = 568148AF1581286D001DBE1C /* ICSignalCell.m */; };
		5682A3FE156F7ADB00C1D4F7 /* cegekalogo.png in Resources */ = {isa = PBXBuildFile; fileRef = 5682A3FC156F7ADB00C1D4F7 /* cegekalogo.png */; };
		5682A3FF156F7ADB00C1D4F7 /* cegekalogo@2x.png in Resources */ = {isa = PBXBuildFile; fileRef = 5682A3FD156F7ADB00C1D4F7 /* cegekalogo@2x.png */; };
		568EE30A15FE820D0092C3F7 /* profile.png in Resources */ = {isa = PBXBuildFile; fileRef = 568EE30915FE820D0092C3F7 /* profile.png */; };
		56B1C4C115F677A7002D9037 /* group.json in Resources */ = {isa = PBXBuildFile; fileRef = 56B1C4C015F677A7002D9037 /* group.json */; };
		56B5D3991525EBA6007982F0 /* DataModel.xcdatamodeld in Sources */ = {isa = PBXBuildFile; fileRef = 56B5D3971525EBA6007982F0 /* DataModel.xcdatamodeld */; };
		56B5D39E1525EC7B007982F0 /* ICSignal.m in Sources */ = {isa = PBXBuildFile; fileRef = 56B5D39D1525EC7B007982F0 /* ICSignal.m */; };
		56B5D3A01525ECDC007982F0 /* CoreData.framework in Frameworks */ = {isa = PBXBuildFile; fileRef = 56B5D39F1525ECDC007982F0 /* CoreData.framework */; };
		56B5D3A01525ECDC007982F2 /* DataModelTest.m in Sources */ = {isa = PBXBuildFile; fileRef = 56B5D3A01525ECDC007982F1 /* DataModelTest.m */; };
		56B5D3A91525F2F2007982F0 /* CoreData.framework in Frameworks */ = {isa = PBXBuildFile; fileRef = 56B5D39F1525ECDC007982F0 /* CoreData.framework */; };
		56B5D3A91525F2F200798305 /* ICLoginViewController.m in Sources */ = {isa = PBXBuildFile; fileRef = 56B5D3A91525F2F200798304 /* ICLoginViewController.m */; };
		56B5D3A91525F2F20079830C /* ICUserTest.m in Sources */ = {isa = PBXBuildFile; fileRef = 56B5D3A91525F2F20079830B /* ICUserTest.m */; };
		56B5D3A91525F2F20079830F /* ICUserStub.m in Sources */ = {isa = PBXBuildFile; fileRef = 56B5D3A91525F2F20079830E /* ICUserStub.m */; };
		56B5D3A91525F2F200798312 /* ICSignalTest.m in Sources */ = {isa = PBXBuildFile; fileRef = 56B5D3A91525F2F200798311 /* ICSignalTest.m */; };
		56B5D3A91525F2F200798322 /* basicPerson.json in Resources */ = {isa = PBXBuildFile; fileRef = 56B5D3A91525F2F200798321 /* basicPerson.json */; };
		56B5D3A91525F2F200798324 /* personWithPhonenumber.json in Resources */ = {isa = PBXBuildFile; fileRef = 56B5D3A91525F2F200798323 /* personWithPhonenumber.json */; };
		56B5D3A91525F2F200798326 /* personWithHomepage.json in Resources */ = {isa = PBXBuildFile; fileRef = 56B5D3A91525F2F200798325 /* personWithHomepage.json */; };
		56B5D3A91525F2F200798328 /* personWithTwitter.json in Resources */ = {isa = PBXBuildFile; fileRef = 56B5D3A91525F2F200798327 /* personWithTwitter.json */; };
		56B5D3A91525F2F20079832A /* basicSignal.json in Resources */ = {isa = PBXBuildFile; fileRef = 56B5D3A91525F2F200798329 /* basicSignal.json */; };
		56B5D3A91525F2F20079832C /* signalToGroup.json in Resources */ = {isa = PBXBuildFile; fileRef = 56B5D3A91525F2F20079832B /* signalToGroup.json */; };
		56B5D3A91525F2F20079832E /* signalAsReply.json in Resources */ = {isa = PBXBuildFile; fileRef = 56B5D3A91525F2F20079832D /* signalAsReply.json */; };
		56B5D3A91525F2F200798331 /* NSDate+TimeAgo.m in Sources */ = {isa = PBXBuildFile; fileRef = 56B5D3A91525F2F200798330 /* NSDate+TimeAgo.m */; };
		56B5D3A91525F2F200798333 /* ICPersonTableViewController.m in Sources */ = {isa = PBXBuildFile; fileRef = 56B5D3A91525F2F200798332 /* ICPersonTableViewController.m */; };
		56B5D3A91525F2F200798336 /* ICImageCell.m in Sources */ = {isa = PBXBuildFile; fileRef = 56B5D3A91525F2F200798335 /* ICImageCell.m */; };
		56B5D3A91525F2F200798339 /* ICPersonDetailViewController.m in Sources */ = {isa = PBXBuildFile; fileRef = 56B5D3A91525F2F200798338 /* ICPersonDetailViewController.m */; };
		56D5B24D15F22C9600417E0F /* cegekaappicon@2x.png in Resources */ = {isa = PBXBuildFile; fileRef = 56D5B24C15F22C9600417E0F /* cegekaappicon@2x.png */; };
		56D5B24F15F22C9A00417E0F /* cegekaappicon.png in Resources */ = {isa = PBXBuildFile; fileRef = 56D5B24E15F22C9A00417E0F /* cegekaappicon.png */; };
		56D5B25115F231C400417E0F /* Default.png in Resources */ = {isa = PBXBuildFile; fileRef = 56D5B25015F231C400417E0F /* Default.png */; };
		56D5B25315F231CC00417E0F /* Default@2x.png in Resources */ = {isa = PBXBuildFile; fileRef = 56D5B25215F231CC00417E0F /* Default@2x.png */; };
		56EC1B251653DCB8009ECB9D /* ICSocialTextAPI.m in Sources */ = {isa = PBXBuildFile; fileRef = 56EC1B241653DCB8009ECB9D /* ICSocialTextAPI.m */; };
		D0B034B2F0AAFE2A843C618E /* NSString+ICUtils.m in Sources */ = {isa = PBXBuildFile; fileRef = D0B03968B08311B53EC9C1B9 /* NSString+ICUtils.m */; };
		D0B037058B8359DBE4918001 /* ICStubCoreDataContext.m in Sources */ = {isa = PBXBuildFile; fileRef = D0B03AE6FC5A29F3E358121B /* ICStubCoreDataContext.m */; };
		D0B0387C47C5DAB74303FDB2 /* ICSocialTextAPITest.m in Sources */ = {isa = PBXBuildFile; fileRef = D0B037E945C21E2763474586 /* ICSocialTextAPITest.m */; };
		D0B03B879FAA08CB1562B7E6 /* ICGroupTableViewController.m in Sources */ = {isa = PBXBuildFile; fileRef = D0B03F724B698C95169FA8D8 /* ICGroupTableViewController.m */; };
		D0B03B8B9D60CD1179EB3F0A /* ICIncrementalStore.m in Sources */ = {isa = PBXBuildFile; fileRef = D0B039AA96644B027019AD61 /* ICIncrementalStore.m */; };
		D0B03E32BD6C798E900043C1 /* ICIncrementalStoreTest.m in Sources */ = {isa = PBXBuildFile; fileRef = D0B03DA575642C3F0ACDB012 /* ICIncrementalStoreTest.m */; };
/* End PBXBuildFile section */

/* Begin PBXContainerItemProxy section */
		3923D757A0A4204A4B0F63C9 /* PBXContainerItemProxy */ = {
			isa = PBXContainerItemProxy;
			containerPortal = 3923D757A0A4204A4B0F6392 /* Project object */;
			proxyType = 1;
			remoteGlobalIDString = 3923D757A0A4204A4B0F6399;
			remoteInfo = iCollective;
		};
/* End PBXContainerItemProxy section */

/* Begin PBXFileReference section */
		200811AFF9514B24B1BC5556 /* Pods.xcconfig */ = {isa = PBXFileReference; includeInIndex = 1; lastKnownFileType = text.xcconfig; name = Pods.xcconfig; path = Pods/Pods.xcconfig; sourceTree = SOURCE_ROOT; };
		3923D757A0A4204A4B0F6398 /* iCollective.app */ = {isa = PBXFileReference; explicitFileType = wrapper.application; includeInIndex = 0; path = iCollective.app; sourceTree = BUILT_PRODUCTS_DIR; };
		3923D757A0A4204A4B0F63A1 /* UIKit.framework */ = {isa = PBXFileReference; includeInIndex = 1; lastKnownFileType = wrapper.framework; name = UIKit.framework; path = System/Library/Frameworks/UIKit.framework; sourceTree = SDKROOT; };
		3923D757A0A4204A4B0F63A3 /* Foundation.framework */ = {isa = PBXFileReference; includeInIndex = 1; lastKnownFileType = wrapper.framework; name = Foundation.framework; path = System/Library/Frameworks/Foundation.framework; sourceTree = SDKROOT; };
		3923D757A0A4204A4B0F63A5 /* CoreGraphics.framework */ = {isa = PBXFileReference; includeInIndex = 1; lastKnownFileType = wrapper.framework; name = CoreGraphics.framework; path = System/Library/Frameworks/CoreGraphics.framework; sourceTree = SDKROOT; };
		3923D757A0A4204A4B0F63A9 /* iCollective-Info.plist */ = {isa = PBXFileReference; lastKnownFileType = text.plist.info; path = "iCollective-Info.plist"; sourceTree = "<group>"; };
		3923D757A0A4204A4B0F63AA /* en */ = {isa = PBXFileReference; lastKnownFileType = text.plist.strings; name = en; path = en.lproj/InfoPlist.strings; sourceTree = "<group>"; };
		3923D757A0A4204A4B0F63AD /* main.m */ = {isa = PBXFileReference; lastKnownFileType = sourcecode.c.objc; path = main.m; sourceTree = "<group>"; };
		3923D757A0A4204A4B0F63AF /* iCollective-Prefix.pch */ = {isa = PBXFileReference; lastKnownFileType = sourcecode.c.h; path = "iCollective-Prefix.pch"; sourceTree = "<group>"; };
		3923D757A0A4204A4B0F63B0 /* ICAppDelegate.h */ = {isa = PBXFileReference; lastKnownFileType = sourcecode.c.h; path = ICAppDelegate.h; sourceTree = "<group>"; };
		3923D757A0A4204A4B0F63B1 /* ICAppDelegate.m */ = {isa = PBXFileReference; lastKnownFileType = sourcecode.c.objc; path = ICAppDelegate.m; sourceTree = "<group>"; };
		3923D757A0A4204A4B0F63B3 /* MainStoryboard_iPhone.storyboard */ = {isa = PBXFileReference; lastKnownFileType = file.storyboard; name = MainStoryboard_iPhone.storyboard; path = ../en.lproj/MainStoryboard_iPhone.storyboard; sourceTree = "<group>"; };
		3923D757A0A4204A4B0F63B6 /* MainStoryboard_iPad.storyboard */ = {isa = PBXFileReference; lastKnownFileType = file.storyboard; name = MainStoryboard_iPad.storyboard; path = ../en.lproj/MainStoryboard_iPad.storyboard; sourceTree = "<group>"; };
		3923D757A0A4204A4B0F63B9 /* ICSignalTableViewController.h */ = {isa = PBXFileReference; lastKnownFileType = sourcecode.c.h; path = ICSignalTableViewController.h; sourceTree = "<group>"; };
		3923D757A0A4204A4B0F63BA /* ICSignalTableViewController.m */ = {isa = PBXFileReference; lastKnownFileType = sourcecode.c.objc; path = ICSignalTableViewController.m; sourceTree = "<group>"; };
		3923D757A0A4204A4B0F63BC /* iCollectiveTests.octest */ = {isa = PBXFileReference; explicitFileType = wrapper.cfbundle; includeInIndex = 0; path = iCollectiveTests.octest; sourceTree = BUILT_PRODUCTS_DIR; };
		3923D757A0A4204A4B0F63C5 /* SenTestingKit.framework */ = {isa = PBXFileReference; includeInIndex = 1; lastKnownFileType = wrapper.framework; name = SenTestingKit.framework; path = Library/Frameworks/SenTestingKit.framework; sourceTree = DEVELOPER_DIR; };
		3923D757A0A4204A4B0F63CD /* iCollectiveTests-Info.plist */ = {isa = PBXFileReference; lastKnownFileType = text.plist.info; path = "iCollectiveTests-Info.plist"; sourceTree = "<group>"; };
		3923D757A0A4204A4B0F63CE /* en */ = {isa = PBXFileReference; lastKnownFileType = text.plist.strings; name = en; path = en.lproj/InfoPlist.strings; sourceTree = "<group>"; };
		3923D757A0A4204A4B0F63D6 /* README */ = {isa = PBXFileReference; fileEncoding = 4; lastKnownFileType = text; path = README; sourceTree = "<group>"; };
		4F5E7D0F842D407FA97B13E8 /* libPods.a */ = {isa = PBXFileReference; explicitFileType = archive.ar; includeInIndex = 0; path = libPods.a; sourceTree = BUILT_PRODUCTS_DIR; };
		56208AC5154A87D900239D15 /* CFNetwork.framework */ = {isa = PBXFileReference; includeInIndex = 1; lastKnownFileType = wrapper.framework; name = CFNetwork.framework; path = System/Library/Frameworks/CFNetwork.framework; sourceTree = SDKROOT; };
		56208AC7154A87E700239D15 /* MobileCoreServices.framework */ = {isa = PBXFileReference; includeInIndex = 1; lastKnownFileType = wrapper.framework; name = MobileCoreServices.framework; path = System/Library/Frameworks/MobileCoreServices.framework; sourceTree = SDKROOT; };
		56208AC9154A87F000239D15 /* Security.framework */ = {isa = PBXFileReference; includeInIndex = 1; lastKnownFileType = wrapper.framework; name = Security.framework; path = System/Library/Frameworks/Security.framework; sourceTree = SDKROOT; };
		56208ACB154A87FB00239D15 /* SystemConfiguration.framework */ = {isa = PBXFileReference; includeInIndex = 1; lastKnownFileType = wrapper.framework; name = SystemConfiguration.framework; path = System/Library/Frameworks/SystemConfiguration.framework; sourceTree = SDKROOT; };
		56208ACD154A880600239D15 /* QuartzCore.framework */ = {isa = PBXFileReference; includeInIndex = 1; lastKnownFileType = wrapper.framework; name = QuartzCore.framework; path = System/Library/Frameworks/QuartzCore.framework; sourceTree = SDKROOT; };
		56208ACF154A881200239D15 /* libxml2.dylib */ = {isa = PBXFileReference; includeInIndex = 1; lastKnownFileType = "compiled.mach-o.dylib"; name = libxml2.dylib; path = usr/lib/libxml2.dylib; sourceTree = SDKROOT; };
		5622682515F66FEC00062D4C /* connections.png */ = {isa = PBXFileReference; lastKnownFileType = image.png; path = connections.png; sourceTree = "<group>"; };
		5622682615F66FEC00062D4C /* connections@2x.png */ = {isa = PBXFileReference; lastKnownFileType = image.png; path = "connections@2x.png"; sourceTree = "<group>"; };
		5622682915F674AC00062D4C /* ICGroup.h */ = {isa = PBXFileReference; fileEncoding = 4; lastKnownFileType = sourcecode.c.h; name = ICGroup.h; path = Domain/ICGroup.h; sourceTree = "<group>"; };
		5622682A15F674AC00062D4C /* ICGroup.m */ = {isa = PBXFileReference; fileEncoding = 4; lastKnownFileType = sourcecode.c.objc; name = ICGroup.m; path = Domain/ICGroup.m; sourceTree = "<group>"; };
		5622682C15F6754300062D4C /* ICPerson.h */ = {isa = PBXFileReference; fileEncoding = 4; lastKnownFileType = sourcecode.c.h; name = ICPerson.h; path = Domain/ICPerson.h; sourceTree = "<group>"; };
		5622682D15F6754300062D4C /* ICPerson.m */ = {isa = PBXFileReference; fileEncoding = 4; lastKnownFileType = sourcecode.c.objc; name = ICPerson.m; path = Domain/ICPerson.m; sourceTree = "<group>"; };
		5622682E15F6754300062D4C /* ICUser.h */ = {isa = PBXFileReference; fileEncoding = 4; lastKnownFileType = sourcecode.c.h; name = ICUser.h; path = Domain/ICUser.h; sourceTree = "<group>"; };
		5622682F15F6754300062D4C /* ICUser.m */ = {isa = PBXFileReference; fileEncoding = 4; lastKnownFileType = sourcecode.c.objc; name = ICUser.m; path = Domain/ICUser.m; sourceTree = "<group>"; };
		56400E1D15C84FEC007F2D81 /* speaker.png */ = {isa = PBXFileReference; lastKnownFileType = image.png; path = speaker.png; sourceTree = "<group>"; };
		56400E2115C850C2007F2D81 /* speaker@2x.png */ = {isa = PBXFileReference; lastKnownFileType = image.png; path = "speaker@2x.png"; sourceTree = "<group>"; };
		56400E2315C850F4007F2D81 /* man.png */ = {isa = PBXFileReference; lastKnownFileType = image.png; path = man.png; sourceTree = "<group>"; };
		56400E2415C850F4007F2D81 /* man@2x.png */ = {isa = PBXFileReference; lastKnownFileType = image.png; path = "man@2x.png"; sourceTree = "<group>"; };
		564A88AE156FC87400029B8C /* ICSignalDetailViewController.h */ = {isa = PBXFileReference; fileEncoding = 4; lastKnownFileType = sourcecode.c.h; path = ICSignalDetailViewController.h; sourceTree = "<group>"; };
		564A88AF156FC87400029B8C /* ICSignalDetailViewController.m */ = {isa = PBXFileReference; fileEncoding = 4; lastKnownFileType = sourcecode.c.objc; path = ICSignalDetailViewController.m; sourceTree = "<group>"; };
		5673242315F16E65006C8BBB /* appicon@2x.png */ = {isa = PBXFileReference; lastKnownFileType = image.png; name = "appicon@2x.png"; path = "../appicon@2x.png"; sourceTree = "<group>"; };
		5673242515F16E9B006C8BBB /* appicon.png */ = {isa = PBXFileReference; lastKnownFileType = image.png; name = appicon.png; path = ../appicon.png; sourceTree = "<group>"; };
		5678616615F14D87009E3664 /* speechbaloon.png */ = {isa = PBXFileReference; lastKnownFileType = image.png; path = speechbaloon.png; sourceTree = "<group>"; };
		5678616715F14D87009E3664 /* speechbaloon@2x.png */ = {isa = PBXFileReference; lastKnownFileType = image.png; path = "speechbaloon@2x.png"; sourceTree = "<group>"; };
		5678616A15F15059009E3664 /* transarrow.png */ = {isa = PBXFileReference; lastKnownFileType = image.png; path = transarrow.png; sourceTree = "<group>"; };
		5678616B15F15059009E3664 /* transarrow@2x.png */ = {isa = PBXFileReference; lastKnownFileType = image.png; path = "transarrow@2x.png"; sourceTree = "<group>"; };
		567F82F8165940C5006DCA1C /* libPods.a */ = {isa = PBXFileReference; lastKnownFileType = file; name = libPods.a; path = "Pods/build/Release-iphoneos/libPods.a"; sourceTree = "<group>"; };
		568148AE1581286D001DBE1C /* ICSignalCell.h */ = {isa = PBXFileReference; fileEncoding = 4; lastKnownFileType = sourcecode.c.h; path = ICSignalCell.h; sourceTree = "<group>"; };
		568148AF1581286D001DBE1C /* ICSignalCell.m */ = {isa = PBXFileReference; fileEncoding = 4; lastKnownFileType = sourcecode.c.objc; path = ICSignalCell.m; sourceTree = "<group>"; };
		5682A3FC156F7ADB00C1D4F7 /* cegekalogo.png */ = {isa = PBXFileReference; lastKnownFileType = image.png; path = cegekalogo.png; sourceTree = "<group>"; };
		5682A3FD156F7ADB00C1D4F7 /* cegekalogo@2x.png */ = {isa = PBXFileReference; lastKnownFileType = image.png; path = "cegekalogo@2x.png"; sourceTree = "<group>"; };
		568EE30915FE820D0092C3F7 /* profile.png */ = {isa = PBXFileReference; lastKnownFileType = image.png; path = profile.png; sourceTree = "<group>"; };
		56B1C4C015F677A7002D9037 /* group.json */ = {isa = PBXFileReference; fileEncoding = 4; lastKnownFileType = text.json; path = group.json; sourceTree = "<group>"; };
		56B5D3981525EBA6007982F0 /* DataModel.xcdatamodel */ = {isa = PBXFileReference; lastKnownFileType = wrapper.xcdatamodel; path = DataModel.xcdatamodel; sourceTree = "<group>"; };
		56B5D39C1525EC7B007982F0 /* ICSignal.h */ = {isa = PBXFileReference; fileEncoding = 4; lastKnownFileType = sourcecode.c.h; name = ICSignal.h; path = Domain/ICSignal.h; sourceTree = "<group>"; };
		56B5D39D1525EC7B007982F0 /* ICSignal.m */ = {isa = PBXFileReference; fileEncoding = 4; lastKnownFileType = sourcecode.c.objc; name = ICSignal.m; path = Domain/ICSignal.m; sourceTree = "<group>"; };
		56B5D39F1525ECDC007982F0 /* CoreData.framework */ = {isa = PBXFileReference; includeInIndex = 1; lastKnownFileType = wrapper.framework; name = CoreData.framework; path = System/Library/Frameworks/CoreData.framework; sourceTree = SDKROOT; };
		56B5D3A01525ECDC007982F1 /* DataModelTest.m */ = {isa = PBXFileReference; fileEncoding = 4; lastKnownFileType = sourcecode.c.objc; path = DataModelTest.m; sourceTree = "<group>"; };
		56B5D3A01525ECDC007982F3 /* DataModelTest.h */ = {isa = PBXFileReference; fileEncoding = 4; lastKnownFileType = sourcecode.c.h; path = DataModelTest.h; sourceTree = "<group>"; };
		56B5D3A91525F2F200798304 /* ICLoginViewController.m */ = {isa = PBXFileReference; fileEncoding = 4; lastKnownFileType = sourcecode.c.objc; path = ICLoginViewController.m; sourceTree = "<group>"; };
		56B5D3A91525F2F200798306 /* ICLoginViewController.h */ = {isa = PBXFileReference; fileEncoding = 4; lastKnownFileType = sourcecode.c.h; path = ICLoginViewController.h; sourceTree = "<group>"; };
		56B5D3A91525F2F20079830B /* ICUserTest.m */ = {isa = PBXFileReference; fileEncoding = 4; lastKnownFileType = sourcecode.c.objc; path = ICUserTest.m; sourceTree = "<group>"; };
		56B5D3A91525F2F20079830D /* ICUserTest.h */ = {isa = PBXFileReference; fileEncoding = 4; lastKnownFileType = sourcecode.c.h; path = ICUserTest.h; sourceTree = "<group>"; };
		56B5D3A91525F2F20079830E /* ICUserStub.m */ = {isa = PBXFileReference; fileEncoding = 4; lastKnownFileType = sourcecode.c.objc; path = ICUserStub.m; sourceTree = "<group>"; };
		56B5D3A91525F2F200798310 /* ICUserStub.h */ = {isa = PBXFileReference; fileEncoding = 4; lastKnownFileType = sourcecode.c.h; path = ICUserStub.h; sourceTree = "<group>"; };
		56B5D3A91525F2F200798311 /* ICSignalTest.m */ = {isa = PBXFileReference; fileEncoding = 4; lastKnownFileType = sourcecode.c.objc; path = ICSignalTest.m; sourceTree = "<group>"; };
		56B5D3A91525F2F200798313 /* ICSignalTest.h */ = {isa = PBXFileReference; fileEncoding = 4; lastKnownFileType = sourcecode.c.h; path = ICSignalTest.h; sourceTree = "<group>"; };
		56B5D3A91525F2F200798321 /* basicPerson.json */ = {isa = PBXFileReference; lastKnownFileType = file.json; path = basicPerson.json; sourceTree = "<group>"; };
		56B5D3A91525F2F200798323 /* personWithPhonenumber.json */ = {isa = PBXFileReference; lastKnownFileType = file.json; path = personWithPhonenumber.json; sourceTree = "<group>"; };
		56B5D3A91525F2F200798325 /* personWithHomepage.json */ = {isa = PBXFileReference; lastKnownFileType = file.json; path = personWithHomepage.json; sourceTree = "<group>"; };
		56B5D3A91525F2F200798327 /* personWithTwitter.json */ = {isa = PBXFileReference; lastKnownFileType = file.json; path = personWithTwitter.json; sourceTree = "<group>"; };
		56B5D3A91525F2F200798329 /* basicSignal.json */ = {isa = PBXFileReference; lastKnownFileType = file.json; path = basicSignal.json; sourceTree = "<group>"; };
		56B5D3A91525F2F20079832B /* signalToGroup.json */ = {isa = PBXFileReference; lastKnownFileType = file.json; path = signalToGroup.json; sourceTree = "<group>"; };
		56B5D3A91525F2F20079832D /* signalAsReply.json */ = {isa = PBXFileReference; lastKnownFileType = file.json; path = signalAsReply.json; sourceTree = "<group>"; };
		56B5D3A91525F2F20079832F /* NSDate+TimeAgo.h */ = {isa = PBXFileReference; fileEncoding = 4; lastKnownFileType = sourcecode.c.h; path = "NSDate+TimeAgo.h"; sourceTree = "<group>"; };
		56B5D3A91525F2F200798330 /* NSDate+TimeAgo.m */ = {isa = PBXFileReference; fileEncoding = 4; lastKnownFileType = sourcecode.c.objc; path = "NSDate+TimeAgo.m"; sourceTree = "<group>"; };
		56B5D3A91525F2F200798332 /* ICPersonTableViewController.m */ = {isa = PBXFileReference; fileEncoding = 4; lastKnownFileType = sourcecode.c.objc; path = ICPersonTableViewController.m; sourceTree = "<group>"; };
		56B5D3A91525F2F200798334 /* ICPersonTableViewController.h */ = {isa = PBXFileReference; fileEncoding = 4; lastKnownFileType = sourcecode.c.h; path = ICPersonTableViewController.h; sourceTree = "<group>"; };
		56B5D3A91525F2F200798335 /* ICImageCell.m */ = {isa = PBXFileReference; fileEncoding = 4; lastKnownFileType = sourcecode.c.objc; path = ICImageCell.m; sourceTree = "<group>"; };
		56B5D3A91525F2F200798337 /* ICImageCell.h */ = {isa = PBXFileReference; fileEncoding = 4; lastKnownFileType = sourcecode.c.h; path = ICImageCell.h; sourceTree = "<group>"; };
		56B5D3A91525F2F200798338 /* ICPersonDetailViewController.m */ = {isa = PBXFileReference; fileEncoding = 4; lastKnownFileType = sourcecode.c.objc; path = ICPersonDetailViewController.m; sourceTree = "<group>"; };
		56B5D3A91525F2F20079833A /* ICPersonDetailViewController.h */ = {isa = PBXFileReference; fileEncoding = 4; lastKnownFileType = sourcecode.c.h; path = ICPersonDetailViewController.h; sourceTree = "<group>"; };
		56D5B24C15F22C9600417E0F /* cegekaappicon@2x.png */ = {isa = PBXFileReference; lastKnownFileType = image.png; name = "cegekaappicon@2x.png"; path = "../cegekaappicon@2x.png"; sourceTree = "<group>"; };
		56D5B24E15F22C9A00417E0F /* cegekaappicon.png */ = {isa = PBXFileReference; lastKnownFileType = image.png; name = cegekaappicon.png; path = ../cegekaappicon.png; sourceTree = "<group>"; };
		56D5B25015F231C400417E0F /* Default.png */ = {isa = PBXFileReference; lastKnownFileType = image.png; name = Default.png; path = ../Default.png; sourceTree = "<group>"; };
		56D5B25215F231CC00417E0F /* Default@2x.png */ = {isa = PBXFileReference; lastKnownFileType = image.png; name = "Default@2x.png"; path = "../Default@2x.png"; sourceTree = "<group>"; };
		56EC1B231653DCB8009ECB9D /* ICSocialTextAPI.h */ = {isa = PBXFileReference; fileEncoding = 4; lastKnownFileType = sourcecode.c.h; path = ICSocialTextAPI.h; sourceTree = "<group>"; };
		56EC1B241653DCB8009ECB9D /* ICSocialTextAPI.m */ = {isa = PBXFileReference; fileEncoding = 4; lastKnownFileType = sourcecode.c.objc; path = ICSocialTextAPI.m; sourceTree = "<group>"; };
		81899716D7A247B6BBBADF06 /* libPods-iCollectiveTests.a */ = {isa = PBXFileReference; explicitFileType = archive.ar; includeInIndex = 0; path = "libPods-iCollectiveTests.a"; sourceTree = BUILT_PRODUCTS_DIR; };
		D0B030C5345DFE895784BCF5 /* ICIncrementalStore.h */ = {isa = PBXFileReference; fileEncoding = 4; lastKnownFileType = sourcecode.c.h; path = ICIncrementalStore.h; sourceTree = "<group>"; };
		D0B0357870596A1F374F78C8 /* ICSocialTextAPITest.h */ = {isa = PBXFileReference; fileEncoding = 4; lastKnownFileType = sourcecode.c.h; path = ICSocialTextAPITest.h; sourceTree = "<group>"; };
		D0B035C4E2FA7D66237A789F /* NSString+ICUtils.h */ = {isa = PBXFileReference; fileEncoding = 4; lastKnownFileType = sourcecode.c.h; path = "NSString+ICUtils.h"; sourceTree = "<group>"; };
		D0B03606E46D6290D276A009 /* ICGroupTableViewController.h */ = {isa = PBXFileReference; fileEncoding = 4; lastKnownFileType = sourcecode.c.h; path = ICGroupTableViewController.h; sourceTree = "<group>"; };
		D0B037E945C21E2763474586 /* ICSocialTextAPITest.m */ = {isa = PBXFileReference; fileEncoding = 4; lastKnownFileType = sourcecode.c.objc; path = ICSocialTextAPITest.m; sourceTree = "<group>"; };
		D0B039432C958034DD391C5C /* ICIncrementalStoreTest.h */ = {isa = PBXFileReference; fileEncoding = 4; lastKnownFileType = sourcecode.c.h; path = ICIncrementalStoreTest.h; sourceTree = "<group>"; };
		D0B03968B08311B53EC9C1B9 /* NSString+ICUtils.m */ = {isa = PBXFileReference; fileEncoding = 4; lastKnownFileType = sourcecode.c.objc; path = "NSString+ICUtils.m"; sourceTree = "<group>"; };
		D0B039AA96644B027019AD61 /* ICIncrementalStore.m */ = {isa = PBXFileReference; fileEncoding = 4; lastKnownFileType = sourcecode.c.objc; path = ICIncrementalStore.m; sourceTree = "<group>"; };
		D0B03AE6FC5A29F3E358121B /* ICStubCoreDataContext.m */ = {isa = PBXFileReference; fileEncoding = 4; lastKnownFileType = sourcecode.c.objc; path = ICStubCoreDataContext.m; sourceTree = "<group>"; };
		D0B03DA575642C3F0ACDB012 /* ICIncrementalStoreTest.m */ = {isa = PBXFileReference; fileEncoding = 4; lastKnownFileType = sourcecode.c.objc; path = ICIncrementalStoreTest.m; sourceTree = "<group>"; };
		D0B03DBA1C8F06CF03D5D043 /* ICStubCoreDataContext.h */ = {isa = PBXFileReference; fileEncoding = 4; lastKnownFileType = sourcecode.c.h; path = ICStubCoreDataContext.h; sourceTree = "<group>"; };
		D0B03F724B698C95169FA8D8 /* ICGroupTableViewController.m */ = {isa = PBXFileReference; fileEncoding = 4; lastKnownFileType = sourcecode.c.objc; path = ICGroupTableViewController.m; sourceTree = "<group>"; };
		DAE0CB10D135411E9BDD8E28 /* Pods-iCollectiveTests.xcconfig */ = {isa = PBXFileReference; includeInIndex = 1; lastKnownFileType = text.xcconfig; name = "Pods-iCollectiveTests.xcconfig"; path = "Pods/Pods-iCollectiveTests.xcconfig"; sourceTree = SOURCE_ROOT; };
/* End PBXFileReference section */

/* Begin PBXFrameworksBuildPhase section */
		3923D757A0A4204A4B0F639E /* Frameworks */ = {
			isa = PBXFrameworksBuildPhase;
			buildActionMask = 2147483647;
			files = (
				56208ADC154A897D00239D15 /* libxml2.dylib in Frameworks */,
				56208ADB154A897700239D15 /* QuartzCore.framework in Frameworks */,
				56208AD8154A896100239D15 /* MobileCoreServices.framework in Frameworks */,
				56208ADA154A896F00239D15 /* SystemConfiguration.framework in Frameworks */,
				56208AD9154A896700239D15 /* Security.framework in Frameworks */,
				56B5D3A01525ECDC007982F0 /* CoreData.framework in Frameworks */,
				56208AD7154A895400239D15 /* CFNetwork.framework in Frameworks */,
				3923D757A0A4204A4B0F63A2 /* UIKit.framework in Frameworks */,
				3923D757A0A4204A4B0F63A4 /* Foundation.framework in Frameworks */,
				3923D757A0A4204A4B0F63A6 /* CoreGraphics.framework in Frameworks */,
				3F8FD11C5EB84DD8AAF75123 /* libPods.a in Frameworks */,
			);
			runOnlyForDeploymentPostprocessing = 0;
		};
		3923D757A0A4204A4B0F63C2 /* Frameworks */ = {
			isa = PBXFrameworksBuildPhase;
			buildActionMask = 2147483647;
			files = (
				56B5D3A91525F2F2007982F0 /* CoreData.framework in Frameworks */,
				3923D757A0A4204A4B0F63C6 /* SenTestingKit.framework in Frameworks */,
				3923D757A0A4204A4B0F63C7 /* UIKit.framework in Frameworks */,
				3923D757A0A4204A4B0F63C8 /* Foundation.framework in Frameworks */,
				567F82F9165940C5006DCA1C /* libPods.a in Frameworks */,
			);
			runOnlyForDeploymentPostprocessing = 0;
		};
/* End PBXFrameworksBuildPhase section */

/* Begin PBXGroup section */
		3923D757A0A4204A4B0F6394 = {
			isa = PBXGroup;
			children = (
				567F82F8165940C5006DCA1C /* libPods.a */,
				3923D757A0A4204A4B0F63D6 /* README */,
				3923D757A0A4204A4B0F6395 /* Products */,
				3923D757A0A4204A4B0F63A0 /* Frameworks */,
				3923D757A0A4204A4B0F63A7 /* iCollective */,
				3923D757A0A4204A4B0F63CB /* iCollectiveTests */,
				200811AFF9514B24B1BC5556 /* Pods.xcconfig */,
				DAE0CB10D135411E9BDD8E28 /* Pods-iCollectiveTests.xcconfig */,
			);
			sourceTree = "<group>";
		};
		3923D757A0A4204A4B0F6395 /* Products */ = {
			isa = PBXGroup;
			children = (
				3923D757A0A4204A4B0F6398 /* iCollective.app */,
				3923D757A0A4204A4B0F63BC /* iCollectiveTests.octest */,
			);
			name = Products;
			sourceTree = "<group>";
		};
		3923D757A0A4204A4B0F63A0 /* Frameworks */ = {
			isa = PBXGroup;
			children = (
				56208ACF154A881200239D15 /* libxml2.dylib */,
				56208ACD154A880600239D15 /* QuartzCore.framework */,
				56208ACB154A87FB00239D15 /* SystemConfiguration.framework */,
				56208AC9154A87F000239D15 /* Security.framework */,
				56208AC7154A87E700239D15 /* MobileCoreServices.framework */,
				56208AC5154A87D900239D15 /* CFNetwork.framework */,
				56B5D39F1525ECDC007982F0 /* CoreData.framework */,
				3923D757A0A4204A4B0F63C5 /* SenTestingKit.framework */,
				3923D757A0A4204A4B0F63A5 /* CoreGraphics.framework */,
				3923D757A0A4204A4B0F63A3 /* Foundation.framework */,
				3923D757A0A4204A4B0F63A1 /* UIKit.framework */,
				4F5E7D0F842D407FA97B13E8 /* libPods.a */,
				81899716D7A247B6BBBADF06 /* libPods-iCollectiveTests.a */,
			);
			name = Frameworks;
			sourceTree = "<group>";
		};
		3923D757A0A4204A4B0F63A7 /* iCollective */ = {
			isa = PBXGroup;
			children = (
				5682A3FB156F7AC300C1D4F7 /* Resources */,
				56B5D39B1525EC46007982F0 /* Domain */,
				3923D757A0A4204A4B0F63B0 /* ICAppDelegate.h */,
				3923D757A0A4204A4B0F63A8 /* Supporting Files */,
				3923D757A0A4204A4B0F63D4 /* Infrastructure */,
				56B5D3A91525F2F200798303 /* View */,
			);
			path = iCollective;
			sourceTree = "<group>";
		};
		3923D757A0A4204A4B0F63A8 /* Supporting Files */ = {
			isa = PBXGroup;
			children = (
				3923D757A0A4204A4B0F63AF /* iCollective-Prefix.pch */,
				3923D757A0A4204A4B0F63AD /* main.m */,
				3923D757A0A4204A4B0F63AB /* InfoPlist.strings */,
				3923D757A0A4204A4B0F63A9 /* iCollective-Info.plist */,
			);
			name = "Supporting Files";
			sourceTree = "<group>";
		};
		3923D757A0A4204A4B0F63CB /* iCollectiveTests */ = {
			isa = PBXGroup;
			children = (
				3923D757A0A4204A4B0F63CC /* Supporting Files */,
				3923D757A0A4204A4B0F63D5 /* Infrastructure */,
				56B5D3A91525F2F20079830A /* Domain */,
				56B5D3A91525F2F200798314 /* Fixtures */,
			);
			path = iCollectiveTests;
			sourceTree = "<group>";
		};
		3923D757A0A4204A4B0F63CC /* Supporting Files */ = {
			isa = PBXGroup;
			children = (
				56B5D3A91525F2F200798310 /* ICUserStub.h */,
				56B5D3A91525F2F20079830E /* ICUserStub.m */,
				3923D757A0A4204A4B0F63CF /* InfoPlist.strings */,
				3923D757A0A4204A4B0F63CD /* iCollectiveTests-Info.plist */,
				D0B03AE6FC5A29F3E358121B /* ICStubCoreDataContext.m */,
				D0B03DBA1C8F06CF03D5D043 /* ICStubCoreDataContext.h */,
			);
			name = "Supporting Files";
			sourceTree = "<group>";
		};
		3923D757A0A4204A4B0F63D4 /* Infrastructure */ = {
			isa = PBXGroup;
			children = (
				56B5D3A91525F2F200798330 /* NSDate+TimeAgo.m */,
				56B5D3A91525F2F20079832F /* NSDate+TimeAgo.h */,
				56B5D3971525EBA6007982F0 /* DataModel.xcdatamodeld */,
				56EC1B231653DCB8009ECB9D /* ICSocialTextAPI.h */,
				56EC1B241653DCB8009ECB9D /* ICSocialTextAPI.m */,
				D0B03968B08311B53EC9C1B9 /* NSString+ICUtils.m */,
				D0B035C4E2FA7D66237A789F /* NSString+ICUtils.h */,
				D0B039AA96644B027019AD61 /* ICIncrementalStore.m */,
				D0B030C5345DFE895784BCF5 /* ICIncrementalStore.h */,
				3923D757A0A4204A4B0F63B1 /* ICAppDelegate.m */,
			);
			path = Infrastructure;
			sourceTree = "<group>";
		};
		3923D757A0A4204A4B0F63D5 /* Infrastructure */ = {
			isa = PBXGroup;
			children = (
				56B5D3A01525ECDC007982F3 /* DataModelTest.h */,
				56B5D3A01525ECDC007982F1 /* DataModelTest.m */,
				D0B037E945C21E2763474586 /* ICSocialTextAPITest.m */,
				D0B0357870596A1F374F78C8 /* ICSocialTextAPITest.h */,
				D0B03DA575642C3F0ACDB012 /* ICIncrementalStoreTest.m */,
				D0B039432C958034DD391C5C /* ICIncrementalStoreTest.h */,
			);
			path = Infrastructure;
			sourceTree = "<group>";
		};
		5682A3FB156F7AC300C1D4F7 /* Resources */ = {
			isa = PBXGroup;
			children = (
				56D5B25215F231CC00417E0F /* Default@2x.png */,
				56D5B25015F231C400417E0F /* Default.png */,
				56D5B24E15F22C9A00417E0F /* cegekaappicon.png */,
				56D5B24C15F22C9600417E0F /* cegekaappicon@2x.png */,
				5673242515F16E9B006C8BBB /* appicon.png */,
				5673242315F16E65006C8BBB /* appicon@2x.png */,
				568EE30915FE820D0092C3F7 /* profile.png */,
				5622682515F66FEC00062D4C /* connections.png */,
				5622682615F66FEC00062D4C /* connections@2x.png */,
				5678616615F14D87009E3664 /* speechbaloon.png */,
				5678616A15F15059009E3664 /* transarrow.png */,
				5678616B15F15059009E3664 /* transarrow@2x.png */,
				5678616715F14D87009E3664 /* speechbaloon@2x.png */,
				56400E2315C850F4007F2D81 /* man.png */,
				56400E2415C850F4007F2D81 /* man@2x.png */,
				5682A3FC156F7ADB00C1D4F7 /* cegekalogo.png */,
				5682A3FD156F7ADB00C1D4F7 /* cegekalogo@2x.png */,
				56400E1D15C84FEC007F2D81 /* speaker.png */,
				56400E2115C850C2007F2D81 /* speaker@2x.png */,
			);
			name = Resources;
			sourceTree = "<group>";
		};
		56B5D39B1525EC46007982F0 /* Domain */ = {
			isa = PBXGroup;
			children = (
				5622682C15F6754300062D4C /* ICPerson.h */,
				5622682D15F6754300062D4C /* ICPerson.m */,
				5622682E15F6754300062D4C /* ICUser.h */,
				5622682F15F6754300062D4C /* ICUser.m */,
				5622682915F674AC00062D4C /* ICGroup.h */,
				5622682A15F674AC00062D4C /* ICGroup.m */,
				56B5D39C1525EC7B007982F0 /* ICSignal.h */,
				56B5D39D1525EC7B007982F0 /* ICSignal.m */,
			);
			name = Domain;
			sourceTree = "<group>";
		};
		56B5D3A91525F2F200798303 /* View */ = {
			isa = PBXGroup;
			children = (
				D0B03606E46D6290D276A009 /* ICGroupTableViewController.h */,
				D0B03F724B698C95169FA8D8 /* ICGroupTableViewController.m */,
				56B5D3A91525F2F20079833A /* ICPersonDetailViewController.h */,
				56B5D3A91525F2F200798338 /* ICPersonDetailViewController.m */,
				56B5D3A91525F2F200798337 /* ICImageCell.h */,
				56B5D3A91525F2F200798335 /* ICImageCell.m */,
				56B5D3A91525F2F200798334 /* ICPersonTableViewController.h */,
				56B5D3A91525F2F200798332 /* ICPersonTableViewController.m */,
				56B5D3A91525F2F200798306 /* ICLoginViewController.h */,
				56B5D3A91525F2F200798304 /* ICLoginViewController.m */,
				3923D757A0A4204A4B0F63B4 /* MainStoryboard_iPhone.storyboard */,
				3923D757A0A4204A4B0F63B7 /* MainStoryboard_iPad.storyboard */,
				3923D757A0A4204A4B0F63BA /* ICSignalTableViewController.m */,
				3923D757A0A4204A4B0F63B9 /* ICSignalTableViewController.h */,
				564A88AE156FC87400029B8C /* ICSignalDetailViewController.h */,
				564A88AF156FC87400029B8C /* ICSignalDetailViewController.m */,
				568148AE1581286D001DBE1C /* ICSignalCell.h */,
				568148AF1581286D001DBE1C /* ICSignalCell.m */,
			);
			path = View;
			sourceTree = "<group>";
		};
		56B5D3A91525F2F20079830A /* Domain */ = {
			isa = PBXGroup;
			children = (
				56B5D3A91525F2F200798313 /* ICSignalTest.h */,
				56B5D3A91525F2F200798311 /* ICSignalTest.m */,
				56B5D3A91525F2F20079830D /* ICUserTest.h */,
				56B5D3A91525F2F20079830B /* ICUserTest.m */,
			);
			path = Domain;
			sourceTree = "<group>";
		};
		56B5D3A91525F2F200798314 /* Fixtures */ = {
			isa = PBXGroup;
			children = (
				56B5D3A91525F2F20079832B /* signalToGroup.json */,
				56B5D3A91525F2F20079832D /* signalAsReply.json */,
				56B5D3A91525F2F200798329 /* basicSignal.json */,
				56B5D3A91525F2F200798327 /* personWithTwitter.json */,
				56B5D3A91525F2F200798325 /* personWithHomepage.json */,
				56B5D3A91525F2F200798323 /* personWithPhonenumber.json */,
				56B5D3A91525F2F200798321 /* basicPerson.json */,
				56B1C4C015F677A7002D9037 /* group.json */,
			);
			path = Fixtures;
			sourceTree = "<group>";
		};
/* End PBXGroup section */

/* Begin PBXNativeTarget section */
		3923D757A0A4204A4B0F6399 /* iCollective */ = {
			isa = PBXNativeTarget;
			buildConfigurationList = 3923D757A0A4204A4B0F639A /* Build configuration list for PBXNativeTarget "iCollective" */;
			buildPhases = (
				3923D757A0A4204A4B0F639D /* Sources */,
				3923D757A0A4204A4B0F639E /* Frameworks */,
				3923D757A0A4204A4B0F639F /* Resources */,
				7E99432EE4124D9684F51AB6 /* Copy Pods Resources */,
			);
			buildRules = (
			);
			dependencies = (
			);
			name = iCollective;
			productName = iCollective;
			productReference = 3923D757A0A4204A4B0F6398 /* iCollective.app */;
			productType = "com.apple.product-type.application";
		};
		3923D757A0A4204A4B0F63BD /* iCollectiveTests */ = {
			isa = PBXNativeTarget;
			buildConfigurationList = 3923D757A0A4204A4B0F63BE /* Build configuration list for PBXNativeTarget "iCollectiveTests" */;
			buildPhases = (
				3923D757A0A4204A4B0F63C1 /* Sources */,
				3923D757A0A4204A4B0F63C2 /* Frameworks */,
				3923D757A0A4204A4B0F63C3 /* Resources */,
				3923D757A0A4204A4B0F63C4 /* ShellScript */,
				8437B14A691C455C818BC276 /* Copy Pods Resources */,
			);
			buildRules = (
			);
			dependencies = (
				3923D757A0A4204A4B0F63CA /* PBXTargetDependency */,
			);
			name = iCollectiveTests;
			productName = iCollectiveTests;
			productReference = 3923D757A0A4204A4B0F63BC /* iCollectiveTests.octest */;
			productType = "com.apple.product-type.bundle";
		};
/* End PBXNativeTarget section */

/* Begin PBXProject section */
		3923D757A0A4204A4B0F6392 /* Project object */ = {
			isa = PBXProject;
			attributes = {
				LastUpgradeCheck = 0450;
			};
			buildConfigurationList = 3923D757A0A4204A4B0F6393 /* Build configuration list for PBXProject "iCollective" */;
			compatibilityVersion = "Xcode 3.2";
			developmentRegion = English;
			hasScannedForEncodings = 0;
			knownRegions = (
				en,
			);
			mainGroup = 3923D757A0A4204A4B0F6394;
			productRefGroup = 3923D757A0A4204A4B0F6395 /* Products */;
			projectDirPath = "";
			projectRoot = "";
			targets = (
				3923D757A0A4204A4B0F6399 /* iCollective */,
				3923D757A0A4204A4B0F63BD /* iCollectiveTests */,
			);
		};
/* End PBXProject section */

/* Begin PBXResourcesBuildPhase section */
		3923D757A0A4204A4B0F639F /* Resources */ = {
			isa = PBXResourcesBuildPhase;
			buildActionMask = 2147483647;
			files = (
				3923D757A0A4204A4B0F63AC /* InfoPlist.strings in Resources */,
				3923D757A0A4204A4B0F63B5 /* MainStoryboard_iPhone.storyboard in Resources */,
				3923D757A0A4204A4B0F63B8 /* MainStoryboard_iPad.storyboard in Resources */,
				3923D757A0A4204A4B0F63D7 /* README in Resources */,
				5682A3FE156F7ADB00C1D4F7 /* cegekalogo.png in Resources */,
				5682A3FF156F7ADB00C1D4F7 /* cegekalogo@2x.png in Resources */,
				56400E1F15C84FEC007F2D81 /* speaker.png in Resources */,
				56400E2215C850C2007F2D81 /* speaker@2x.png in Resources */,
				56400E2515C850F4007F2D81 /* man.png in Resources */,
				56400E2615C850F4007F2D81 /* man@2x.png in Resources */,
				5678616815F14D87009E3664 /* speechbaloon.png in Resources */,
				5678616915F14D87009E3664 /* speechbaloon@2x.png in Resources */,
				5678616C15F15059009E3664 /* transarrow.png in Resources */,
				5678616D15F15059009E3664 /* transarrow@2x.png in Resources */,
				5673242415F16E65006C8BBB /* appicon@2x.png in Resources */,
				5673242615F16E9B006C8BBB /* appicon.png in Resources */,
				56D5B24D15F22C9600417E0F /* cegekaappicon@2x.png in Resources */,
				56D5B24F15F22C9A00417E0F /* cegekaappicon.png in Resources */,
				56D5B25115F231C400417E0F /* Default.png in Resources */,
				56D5B25315F231CC00417E0F /* Default@2x.png in Resources */,
				5622682715F66FEC00062D4C /* connections.png in Resources */,
				5622682815F66FEC00062D4C /* connections@2x.png in Resources */,
				568EE30A15FE820D0092C3F7 /* profile.png in Resources */,
			);
			runOnlyForDeploymentPostprocessing = 0;
		};
		3923D757A0A4204A4B0F63C3 /* Resources */ = {
			isa = PBXResourcesBuildPhase;
			buildActionMask = 2147483647;
			files = (
				3923D757A0A4204A4B0F63D0 /* InfoPlist.strings in Resources */,
				56B5D3A91525F2F200798322 /* basicPerson.json in Resources */,
				56B5D3A91525F2F200798324 /* personWithPhonenumber.json in Resources */,
				56B5D3A91525F2F200798326 /* personWithHomepage.json in Resources */,
				56B5D3A91525F2F200798328 /* personWithTwitter.json in Resources */,
				56B5D3A91525F2F20079832A /* basicSignal.json in Resources */,
				56B5D3A91525F2F20079832C /* signalToGroup.json in Resources */,
				56B5D3A91525F2F20079832E /* signalAsReply.json in Resources */,
				56B1C4C115F677A7002D9037 /* group.json in Resources */,
			);
			runOnlyForDeploymentPostprocessing = 0;
		};
/* End PBXResourcesBuildPhase section */

/* Begin PBXShellScriptBuildPhase section */
		3923D757A0A4204A4B0F63C4 /* ShellScript */ = {
			isa = PBXShellScriptBuildPhase;
			buildActionMask = 2147483647;
			files = (
			);
			inputPaths = (
			);
			outputPaths = (
			);
			runOnlyForDeploymentPostprocessing = 0;
			shellPath = /bin/sh;
			shellScript = "# Run the unit tests in this test bundle.\n\"${SYSTEM_DEVELOPER_DIR}/Tools/RunUnitTests\"\n";
		};
		7E99432EE4124D9684F51AB6 /* Copy Pods Resources */ = {
			isa = PBXShellScriptBuildPhase;
			buildActionMask = 2147483647;
			files = (
			);
			inputPaths = (
			);
			name = "Copy Pods Resources";
			outputPaths = (
			);
			runOnlyForDeploymentPostprocessing = 0;
			shellPath = /bin/sh;
			shellScript = "\"${SRCROOT}/Pods/Pods-resources.sh\"\n";
		};
		8437B14A691C455C818BC276 /* Copy Pods Resources */ = {
			isa = PBXShellScriptBuildPhase;
			buildActionMask = 2147483647;
			files = (
			);
			inputPaths = (
			);
			name = "Copy Pods Resources";
			outputPaths = (
			);
			runOnlyForDeploymentPostprocessing = 0;
			shellPath = /bin/sh;
			shellScript = "\"${SRCROOT}/Pods/Pods-iCollectiveTests-resources.sh\"\n";
		};
/* End PBXShellScriptBuildPhase section */

/* Begin PBXSourcesBuildPhase section */
		3923D757A0A4204A4B0F639D /* Sources */ = {
			isa = PBXSourcesBuildPhase;
			buildActionMask = 2147483647;
			files = (
				3923D757A0A4204A4B0F63AE /* main.m in Sources */,
				3923D757A0A4204A4B0F63B2 /* ICAppDelegate.m in Sources */,
				3923D757A0A4204A4B0F63BB /* ICSignalTableViewController.m in Sources */,
				56B5D3991525EBA6007982F0 /* DataModel.xcdatamodeld in Sources */,
				56B5D39E1525EC7B007982F0 /* ICSignal.m in Sources */,
				56B5D3A91525F2F200798305 /* ICLoginViewController.m in Sources */,
				564A88B0156FC87400029B8C /* ICSignalDetailViewController.m in Sources */,
				568148B01581286D001DBE1C /* ICSignalCell.m in Sources */,
				56B5D3A91525F2F200798331 /* NSDate+TimeAgo.m in Sources */,
				56B5D3A91525F2F200798333 /* ICPersonTableViewController.m in Sources */,
				56B5D3A91525F2F200798336 /* ICImageCell.m in Sources */,
				56B5D3A91525F2F200798339 /* ICPersonDetailViewController.m in Sources */,
				5622682B15F674AD00062D4C /* ICGroup.m in Sources */,
				5622683015F6754300062D4C /* ICPerson.m in Sources */,
				5622683115F6754300062D4C /* ICUser.m in Sources */,
				D0B03B879FAA08CB1562B7E6 /* ICGroupTableViewController.m in Sources */,
				56EC1B251653DCB8009ECB9D /* ICSocialTextAPI.m in Sources */,
				D0B034B2F0AAFE2A843C618E /* NSString+ICUtils.m in Sources */,
				D0B03B8B9D60CD1179EB3F0A /* ICIncrementalStore.m in Sources */,
			);
			runOnlyForDeploymentPostprocessing = 0;
		};
		3923D757A0A4204A4B0F63C1 /* Sources */ = {
			isa = PBXSourcesBuildPhase;
			buildActionMask = 2147483647;
			files = (
				56B5D3A01525ECDC007982F2 /* DataModelTest.m in Sources */,
				56B5D3A91525F2F20079830C /* ICUserTest.m in Sources */,
				56B5D3A91525F2F20079830F /* ICUserStub.m in Sources */,
				56B5D3A91525F2F200798312 /* ICSignalTest.m in Sources */,
				D0B0387C47C5DAB74303FDB2 /* ICSocialTextAPITest.m in Sources */,
				D0B037058B8359DBE4918001 /* ICStubCoreDataContext.m in Sources */,
				D0B03E32BD6C798E900043C1 /* ICIncrementalStoreTest.m in Sources */,
			);
			runOnlyForDeploymentPostprocessing = 0;
		};
/* End PBXSourcesBuildPhase section */

/* Begin PBXTargetDependency section */
		3923D757A0A4204A4B0F63CA /* PBXTargetDependency */ = {
			isa = PBXTargetDependency;
			target = 3923D757A0A4204A4B0F6399 /* iCollective */;
			targetProxy = 3923D757A0A4204A4B0F63C9 /* PBXContainerItemProxy */;
		};
/* End PBXTargetDependency section */

/* Begin PBXVariantGroup section */
		3923D757A0A4204A4B0F63AB /* InfoPlist.strings */ = {
			isa = PBXVariantGroup;
			children = (
				3923D757A0A4204A4B0F63AA /* en */,
			);
			name = InfoPlist.strings;
			sourceTree = "<group>";
		};
		3923D757A0A4204A4B0F63B4 /* MainStoryboard_iPhone.storyboard */ = {
			isa = PBXVariantGroup;
			children = (
				3923D757A0A4204A4B0F63B3 /* MainStoryboard_iPhone.storyboard */,
			);
			name = MainStoryboard_iPhone.storyboard;
			sourceTree = "<group>";
		};
		3923D757A0A4204A4B0F63B7 /* MainStoryboard_iPad.storyboard */ = {
			isa = PBXVariantGroup;
			children = (
				3923D757A0A4204A4B0F63B6 /* MainStoryboard_iPad.storyboard */,
			);
			name = MainStoryboard_iPad.storyboard;
			sourceTree = "<group>";
		};
		3923D757A0A4204A4B0F63CF /* InfoPlist.strings */ = {
			isa = PBXVariantGroup;
			children = (
				3923D757A0A4204A4B0F63CE /* en */,
			);
			name = InfoPlist.strings;
			sourceTree = "<group>";
		};
/* End PBXVariantGroup section */

/* Begin XCBuildConfiguration section */
		3923D757A0A4204A4B0F6396 /* Release */ = {
			isa = XCBuildConfiguration;
			buildSettings = {
				ALWAYS_SEARCH_USER_PATHS = NO;
				ARCHS = "$(ARCHS_STANDARD_32_BIT)";
				CLANG_ENABLE_OBJC_ARC = YES;
				"CODE_SIGN_IDENTITY[sdk=iphoneos*]" = "iPhone Developer";
				COPY_PHASE_STRIP = YES;
				GCC_C_LANGUAGE_STANDARD = gnu99;
				GCC_VERSION = com.apple.compilers.llvm.clang.1_0;
				GCC_WARN_ABOUT_RETURN_TYPE = YES;
				GCC_WARN_UNINITIALIZED_AUTOS = YES;
				GCC_WARN_UNUSED_VARIABLE = YES;
				IPHONEOS_DEPLOYMENT_TARGET = 6.0;
				OTHER_CFLAGS = "-DNS_BLOCK_ASSERTIONS=1";
				SDKROOT = iphoneos;
				TARGETED_DEVICE_FAMILY = "1,2";
				VALIDATE_PRODUCT = YES;
			};
			name = Release;
		};
		3923D757A0A4204A4B0F6397 /* Debug */ = {
			isa = XCBuildConfiguration;
			buildSettings = {
				ALWAYS_SEARCH_USER_PATHS = NO;
				ARCHS = "$(ARCHS_STANDARD_32_BIT)";
				CLANG_ENABLE_OBJC_ARC = YES;
				"CODE_SIGN_IDENTITY[sdk=iphoneos*]" = "iPhone Developer";
				COPY_PHASE_STRIP = NO;
				GCC_C_LANGUAGE_STANDARD = gnu99;
				GCC_DYNAMIC_NO_PIC = NO;
				GCC_OPTIMIZATION_LEVEL = 0;
				GCC_PREPROCESSOR_DEFINITIONS = (
					"DEBUG=1",
					"$(inherited)",
				);
				GCC_SYMBOLS_PRIVATE_EXTERN = NO;
				GCC_VERSION = com.apple.compilers.llvm.clang.1_0;
				GCC_WARN_ABOUT_RETURN_TYPE = YES;
				GCC_WARN_UNINITIALIZED_AUTOS = YES;
				GCC_WARN_UNUSED_VARIABLE = YES;
				IPHONEOS_DEPLOYMENT_TARGET = 6.0;
				SDKROOT = iphoneos;
				TARGETED_DEVICE_FAMILY = "1,2";
			};
			name = Debug;
		};
		3923D757A0A4204A4B0F639B /* Release */ = {
			isa = XCBuildConfiguration;
			baseConfigurationReference = 200811AFF9514B24B1BC5556 /* Pods.xcconfig */;
			buildSettings = {
				GCC_PRECOMPILE_PREFIX_HEADER = YES;
				GCC_PREFIX_HEADER = "iCollective/iCollective-Prefix.pch";
				HEADER_SEARCH_PATHS = "$(inherited)";
				INFOPLIST_FILE = "iCollective/iCollective-Info.plist";
				OTHER_LDFLAGS = "$(inherited)";
				PRODUCT_NAME = "$(TARGET_NAME)";
				USER_HEADER_SEARCH_PATHS = "";
				WRAPPER_EXTENSION = app;
			};
			name = Release;
		};
		3923D757A0A4204A4B0F639C /* Debug */ = {
			isa = XCBuildConfiguration;
			baseConfigurationReference = 200811AFF9514B24B1BC5556 /* Pods.xcconfig */;
			buildSettings = {
				GCC_PRECOMPILE_PREFIX_HEADER = YES;
				GCC_PREFIX_HEADER = "iCollective/iCollective-Prefix.pch";
				HEADER_SEARCH_PATHS = "$(inherited)";
				INFOPLIST_FILE = "iCollective/iCollective-Info.plist";
				OTHER_LDFLAGS = "$(inherited)";
				PRODUCT_NAME = "$(TARGET_NAME)";
				USER_HEADER_SEARCH_PATHS = "";
				WRAPPER_EXTENSION = app;
			};
			name = Debug;
		};
		3923D757A0A4204A4B0F63BF /* Release */ = {
			isa = XCBuildConfiguration;
			baseConfigurationReference = DAE0CB10D135411E9BDD8E28 /* Pods-iCollectiveTests.xcconfig */;
			buildSettings = {
				BUNDLE_LOADER = "$(BUILT_PRODUCTS_DIR)/iCollective.app/iCollective";
				FRAMEWORK_SEARCH_PATHS = (
					"$(SDKROOT)/Developer/Library/Frameworks",
					"$(DEVELOPER_LIBRARY_DIR)/Frameworks",
				);
				GCC_PRECOMPILE_PREFIX_HEADER = YES;
				GCC_PREFIX_HEADER = "iCollective/iCollective-Prefix.pch";
				HEADER_SEARCH_PATHS = "$(inherited)";
				INFOPLIST_FILE = "iCollectiveTests/iCollectiveTests-Info.plist";
				OTHER_LDFLAGS = "$(inherited)";
				PRODUCT_NAME = "$(TARGET_NAME)";
				TEST_HOST = "$(BUNDLE_LOADER)";
				USER_HEADER_SEARCH_PATHS = "";
				WRAPPER_EXTENSION = octest;
			};
			name = Release;
		};
		3923D757A0A4204A4B0F63C0 /* Debug */ = {
			isa = XCBuildConfiguration;
			baseConfigurationReference = DAE0CB10D135411E9BDD8E28 /* Pods-iCollectiveTests.xcconfig */;
			buildSettings = {
				BUNDLE_LOADER = "$(BUILT_PRODUCTS_DIR)/iCollective.app/iCollective";
				FRAMEWORK_SEARCH_PATHS = (
					"$(SDKROOT)/Developer/Library/Frameworks",
					"$(DEVELOPER_LIBRARY_DIR)/Frameworks",
				);
				GCC_PRECOMPILE_PREFIX_HEADER = YES;
				GCC_PREFIX_HEADER = "iCollective/iCollective-Prefix.pch";
				HEADER_SEARCH_PATHS = "$(inherited)";
				INFOPLIST_FILE = "iCollectiveTests/iCollectiveTests-Info.plist";
				OTHER_LDFLAGS = "$(inherited)";
				PRODUCT_NAME = "$(TARGET_NAME)";
				TEST_HOST = "$(BUNDLE_LOADER)";
				USER_HEADER_SEARCH_PATHS = "";
				WRAPPER_EXTENSION = octest;
			};
			name = Debug;
		};
/* End XCBuildConfiguration section */

/* Begin XCConfigurationList section */
		3923D757A0A4204A4B0F6393 /* Build configuration list for PBXProject "iCollective" */ = {
			isa = XCConfigurationList;
			buildConfigurations = (
				3923D757A0A4204A4B0F6396 /* Release */,
				3923D757A0A4204A4B0F6397 /* Debug */,
			);
			defaultConfigurationIsVisible = 0;
			defaultConfigurationName = Release;
		};
		3923D757A0A4204A4B0F639A /* Build configuration list for PBXNativeTarget "iCollective" */ = {
			isa = XCConfigurationList;
			buildConfigurations = (
				3923D757A0A4204A4B0F639B /* Release */,
				3923D757A0A4204A4B0F639C /* Debug */,
			);
			defaultConfigurationIsVisible = 0;
			defaultConfigurationName = Release;
		};
		3923D757A0A4204A4B0F63BE /* Build configuration list for PBXNativeTarget "iCollectiveTests" */ = {
			isa = XCConfigurationList;
			buildConfigurations = (
				3923D757A0A4204A4B0F63BF /* Release */,
				3923D757A0A4204A4B0F63C0 /* Debug */,
			);
			defaultConfigurationIsVisible = 0;
			defaultConfigurationName = Release;
		};
/* End XCConfigurationList section */

/* Begin XCVersionGroup section */
		56B5D3971525EBA6007982F0 /* DataModel.xcdatamodeld */ = {
			isa = XCVersionGroup;
			children = (
				56B5D3981525EBA6007982F0 /* DataModel.xcdatamodel */,
			);
			currentVersion = 56B5D3981525EBA6007982F0 /* DataModel.xcdatamodel */;
			path = DataModel.xcdatamodeld;
			sourceTree = "<group>";
			versionGroupType = wrapper.xcdatamodel;
		};
/* End XCVersionGroup section */
	};
	rootObject = 3923D757A0A4204A4B0F6392 /* Project object */;
}
